
Microsoft Visual Studio Solution File, Format Version 12.00
# Visual Studio 2012
Project("{8BC9CEB8-8B4A-11D0-8D11-00A0C91BC942}") = "test_server", "test_server\test_server.vcxproj", "{4E02D7A2-9733-4FFE-BBDE-DC2D42DEDF05}"
EndProject
Project("{8BC9CEB8-8B4A-11D0-8D11-00A0C91BC942}") = "network_server_dll", "network_server_dll\network_server_dll.vcxproj", "{0C80C577-055D-49A7-8E5A-BA06B32849A8}"
EndProject
Project("{8BC9CEB8-8B4A-11D0-8D11-00A0C91BC942}") = "test_client", "test_client\test_client.vcxproj", "{9A5B59BB-49AC-4CAF-B58C-875E1D7BB601}"
EndProject
Project("{8BC9CEB8-8B4A-11D0-8D11-00A0C91BC942}") = "crypt_gost_28147-89", "crypt_gost_28147-89\crypt_gost_28147-89.vcxproj", "{6FC26C32-F4C8-48EC-A077-423767F60204}"
EndProject
Project("{8BC9CEB8-8B4A-11D0-8D11-00A0C91BC942}") = "gost_test", "gost_test\gost_test.vcxproj", "{72270973-A243-4649-881C-319AE78E44E3}"
EndProject
Global
	GlobalSection(SolutionConfigurationPlatforms) = preSolution
		Debug|Win32 = Debug|Win32
		Release|Win32 = Release|Win32
	EndGlobalSection
	GlobalSection(ProjectConfigurationPlatforms) = postSolution
		{4E02D7A2-9733-4FFE-BBDE-DC2D42DEDF05}.Debug|Win32.ActiveCfg = Debug|Win32
		{4E02D7A2-9733-4FFE-BBDE-DC2D42DEDF05}.Debug|Win32.Build.0 = Debug|Win32
		{4E02D7A2-9733-4FFE-BBDE-DC2D42DEDF05}.Release|Win32.ActiveCfg = Release|Win32
		{4E02D7A2-9733-4FFE-BBDE-DC2D42DEDF05}.Release|Win32.Build.0 = Release|Win32
		{0C80C577-055D-49A7-8E5A-BA06B32849A8}.Debug|Win32.ActiveCfg = Debug|Win32
		{0C80C577-055D-49A7-8E5A-BA06B32849A8}.Debug|Win32.Build.0 = Debug|Win32
		{0C80C577-055D-49A7-8E5A-BA06B32849A8}.Release|Win32.ActiveCfg = Release|Win32
		{0C80C577-055D-49A7-8E5A-BA06B32849A8}.Release|Win32.Build.0 = Release|Win32
		{9A5B59BB-49AC-4CAF-B58C-875E1D7BB601}.Debug|Win32.ActiveCfg = Debug|Win32
		{9A5B59BB-49AC-4CAF-B58C-875E1D7BB601}.Debug|Win32.Build.0 = Debug|Win32
		{9A5B59BB-49AC-4CAF-B58C-875E1D7BB601}.Release|Win32.ActiveCfg = Release|Win32
		{9A5B59BB-49AC-4CAF-B58C-875E1D7BB601}.Release|Win32.Build.0 = Release|Win32
		{6FC26C32-F4C8-48EC-A077-423767F60204}.Debug|Win32.ActiveCfg = Debug|Win32
		{6FC26C32-F4C8-48EC-A077-423767F60204}.Debug|Win32.Build.0 = Debug|Win32
		{6FC26C32-F4C8-48EC-A077-423767F60204}.Release|Win32.ActiveCfg = Release|Win32
		{6FC26C32-F4C8-48EC-A077-423767F60204}.Release|Win32.Build.0 = Release|Win32
		{72270973-A243-4649-881C-319AE78E44E3}.Debug|Win32.ActiveCfg = Debug|Win32
		{72270973-A243-4649-881C-319AE78E44E3}.Debug|Win32.Build.0 = Debug|Win32
		{72270973-A243-4649-881C-319AE78E44E3}.Release|Win32.ActiveCfg = Release|Win32
		{72270973-A243-4649-881C-319AE78E44E3}.Release|Win32.Build.0 = Release|Win32
	EndGlobalSection
	GlobalSection(SolutionProperties) = preSolution
		HideSolutionNode = FALSE
	EndGlobalSection
EndGlobal
